
Microsoft Visual Studio Solution File, Format Version 12.00
# Visual Studio 15
VisualStudioVersion = 15.0.27428.2015
MinimumVisualStudioVersion = 10.0.40219.1
Project("{FAE04EC0-301F-11D3-BF4B-00C04F79EFBC}") = "Apple-and-Orange", "Apple-and-Orange\Apple-and-Orange.csproj", "{C3E5DD40-9D51-4471-B1CF-897F543345C7}"
EndProject
Global
	GlobalSection(SolutionConfigurationPlatforms) = preSolution
		Debug|Any CPU = Debug|Any CPU
		Release|Any CPU = Release|Any CPU
	EndGlobalSection
	GlobalSection(ProjectConfigurationPlatforms) = postSolution
		{C3E5DD40-9D51-4471-B1CF-897F543345C7}.Debug|Any CPU.ActiveCfg = Debug|Any CPU
		{C3E5DD40-9D51-4471-B1CF-897F543345C7}.Debug|Any CPU.Build.0 = Debug|Any CPU
		{C3E5DD40-9D51-4471-B1CF-897F543345C7}.Release|Any CPU.ActiveCfg = Release|Any CPU
		{C3E5DD40-9D51-4471-B1CF-897F543345C7}.Release|Any CPU.Build.0 = Release|Any CPU
	EndGlobalSection
	GlobalSection(SolutionProperties) = preSolution
		HideSolutionNode = FALSE
	EndGlobalSection
	GlobalSection(ExtensibilityGlobals) = postSolution
		SolutionGuid = {B397DE6F-7D4E-44FD-8F96-6DF626FB2E0C}
	EndGlobalSection
EndGlobal
